// !$*UTF8*$!
{
	archiveVersion = 1;
	classes = {
	};
	objectVersion = 46;
	objects = {

/* Begin PBXBuildFile section */
		0D74A58949D3B40CC6254646 /* libPods.a in Frameworks */ = {isa = PBXBuildFile; fileRef = 37124D8529C235C5850228DD /* libPods.a */; };
		4B0007241A32D167005F36BF /* WISViewController.m in Sources */ = {isa = PBXBuildFile; fileRef = 4B0007231A32D167005F36BF /* WISViewController.m */; };
		4B0007271A32D3D5005F36BF /* RegisterViewController.m in Sources */ = {isa = PBXBuildFile; fileRef = 4B0007261A32D3D5005F36BF /* RegisterViewController.m */; };
		4B547C671A2ADDB50081A3E3 /* main.m in Sources */ = {isa = PBXBuildFile; fileRef = 4B547C661A2ADDB50081A3E3 /* main.m */; };
		4B547C6A1A2ADDB50081A3E3 /* AppDelegate.m in Sources */ = {isa = PBXBuildFile; fileRef = 4B547C691A2ADDB50081A3E3 /* AppDelegate.m */; };
		4B547C6D1A2ADDB50081A3E3 /* LoginViewController.m in Sources */ = {isa = PBXBuildFile; fileRef = 4B547C6C1A2ADDB50081A3E3 /* LoginViewController.m */; };
		4B547C701A2ADDB50081A3E3 /* Main.storyboard in Resources */ = {isa = PBXBuildFile; fileRef = 4B547C6E1A2ADDB50081A3E3 /* Main.storyboard */; };
		4B547C721A2ADDB50081A3E3 /* Images.xcassets in Resources */ = {isa = PBXBuildFile; fileRef = 4B547C711A2ADDB50081A3E3 /* Images.xcassets */; };
		4B547C751A2ADDB50081A3E3 /* LaunchScreen.xib in Resources */ = {isa = PBXBuildFile; fileRef = 4B547C731A2ADDB50081A3E3 /* LaunchScreen.xib */; };
		4B547C811A2ADDB50081A3E3 /* ChatTests.m in Sources */ = {isa = PBXBuildFile; fileRef = 4B547C801A2ADDB50081A3E3 /* ChatTests.m */; };
		AA9C11CBEED6082874533C90 /* ConversasionController.m in Sources */ = {isa = PBXBuildFile; fileRef = AA9C149BE437FFD7C27CCC2D /* ConversasionController.m */; };
		AA9C15CCB7278BB7EB156844 /* FriendListController.m in Sources */ = {isa = PBXBuildFile; fileRef = AA9C1ED5B5F75448B6BC58F0 /* FriendListController.m */; };
		AA9C17195A06871BF1A1FB20 /* Friend.m in Sources */ = {isa = PBXBuildFile; fileRef = AA9C1C885CEAF556CC0F8532 /* Friend.m */; };
		AA9C19632A050AD0DD23004F /* Configuration.m in Sources */ = {isa = PBXBuildFile; fileRef = AA9C12AD3321E36351576FF0 /* Configuration.m */; };
		AA9C1AE9AAB057F2678D0771 /* FriendManager.m in Sources */ = {isa = PBXBuildFile; fileRef = AA9C19D2E918C694D120EF30 /* FriendManager.m */; };
		AA9C1E573F75C0E27593279C /* app.plist in Resources */ = {isa = PBXBuildFile; fileRef = AA9C19E1CAC395CF09BF6B5B /* app.plist */; };
/* End PBXBuildFile section */

/* Begin PBXContainerItemProxy section */
		4B547C7B1A2ADDB50081A3E3 /* PBXContainerItemProxy */ = {
			isa = PBXContainerItemProxy;
			containerPortal = 4B547C591A2ADDB50081A3E3 /* Project object */;
			proxyType = 1;
			remoteGlobalIDString = 4B547C601A2ADDB50081A3E3;
			remoteInfo = Chat;
		};
/* End PBXContainerItemProxy section */

/* Begin PBXFileReference section */
		37124D8529C235C5850228DD /* libPods.a */ = {isa = PBXFileReference; explicitFileType = archive.ar; includeInIndex = 0; path = libPods.a; sourceTree = BUILT_PRODUCTS_DIR; };
		4B0007221A32D082005F36BF /* WISViewController.h */ = {isa = PBXFileReference; fileEncoding = 4; lastKnownFileType = sourcecode.c.h; path = WISViewController.h; sourceTree = "<group>"; };
		4B0007231A32D167005F36BF /* WISViewController.m */ = {isa = PBXFileReference; fileEncoding = 4; lastKnownFileType = sourcecode.c.objc; path = WISViewController.m; sourceTree = "<group>"; };
		4B0007251A32D3D5005F36BF /* RegisterViewController.h */ = {isa = PBXFileReference; fileEncoding = 4; lastKnownFileType = sourcecode.c.h; path = RegisterViewController.h; sourceTree = "<group>"; };
		4B0007261A32D3D5005F36BF /* RegisterViewController.m */ = {isa = PBXFileReference; fileEncoding = 4; lastKnownFileType = sourcecode.c.objc; path = RegisterViewController.m; sourceTree = "<group>"; };
		4B547C611A2ADDB50081A3E3 /* Chat.app */ = {isa = PBXFileReference; explicitFileType = wrapper.application; includeInIndex = 0; path = Chat.app; sourceTree = BUILT_PRODUCTS_DIR; };
		4B547C651A2ADDB50081A3E3 /* Info.plist */ = {isa = PBXFileReference; lastKnownFileType = text.plist.xml; path = Info.plist; sourceTree = "<group>"; };
		4B547C661A2ADDB50081A3E3 /* main.m */ = {isa = PBXFileReference; lastKnownFileType = sourcecode.c.objc; path = main.m; sourceTree = "<group>"; };
		4B547C681A2ADDB50081A3E3 /* AppDelegate.h */ = {isa = PBXFileReference; lastKnownFileType = sourcecode.c.h; path = AppDelegate.h; sourceTree = "<group>"; };
		4B547C691A2ADDB50081A3E3 /* AppDelegate.m */ = {isa = PBXFileReference; lastKnownFileType = sourcecode.c.objc; path = AppDelegate.m; sourceTree = "<group>"; };
		4B547C6B1A2ADDB50081A3E3 /* LoginViewController.h */ = {isa = PBXFileReference; lastKnownFileType = sourcecode.c.h; path = LoginViewController.h; sourceTree = "<group>"; };
		4B547C6C1A2ADDB50081A3E3 /* LoginViewController.m */ = {isa = PBXFileReference; lastKnownFileType = sourcecode.c.objc; path = LoginViewController.m; sourceTree = "<group>"; };
		4B547C6F1A2ADDB50081A3E3 /* Base */ = {isa = PBXFileReference; lastKnownFileType = file.storyboard; name = Base; path = Base.lproj/Main.storyboard; sourceTree = "<group>"; };
		4B547C711A2ADDB50081A3E3 /* Images.xcassets */ = {isa = PBXFileReference; lastKnownFileType = folder.assetcatalog; path = Images.xcassets; sourceTree = "<group>"; };
		4B547C741A2ADDB50081A3E3 /* Base */ = {isa = PBXFileReference; lastKnownFileType = file.xib; name = Base; path = Base.lproj/LaunchScreen.xib; sourceTree = "<group>"; };
		4B547C7A1A2ADDB50081A3E3 /* ChatTests.xctest */ = {isa = PBXFileReference; explicitFileType = wrapper.cfbundle; includeInIndex = 0; path = ChatTests.xctest; sourceTree = BUILT_PRODUCTS_DIR; };
		4B547C7F1A2ADDB50081A3E3 /* Info.plist */ = {isa = PBXFileReference; lastKnownFileType = text.plist.xml; path = Info.plist; sourceTree = "<group>"; };
		4B547C801A2ADDB50081A3E3 /* ChatTests.m */ = {isa = PBXFileReference; lastKnownFileType = sourcecode.c.objc; path = ChatTests.m; sourceTree = "<group>"; };
		5F0592015AF8BEC6263DBFF2 /* Pods.debug.xcconfig */ = {isa = PBXFileReference; includeInIndex = 1; lastKnownFileType = text.xcconfig; name = Pods.debug.xcconfig; path = "Pods/Target Support Files/Pods/Pods.debug.xcconfig"; sourceTree = "<group>"; };
		A73D2E767DFA51BA81CFD1AE /* Pods.release.xcconfig */ = {isa = PBXFileReference; includeInIndex = 1; lastKnownFileType = text.xcconfig; name = Pods.release.xcconfig; path = "Pods/Target Support Files/Pods/Pods.release.xcconfig"; sourceTree = "<group>"; };
		AA9C10E8403714AD141F5173 /* FriendManager.h */ = {isa = PBXFileReference; fileEncoding = 4; lastKnownFileType = sourcecode.c.h; path = FriendManager.h; sourceTree = "<group>"; };
		AA9C12AD3321E36351576FF0 /* Configuration.m */ = {isa = PBXFileReference; fileEncoding = 4; lastKnownFileType = sourcecode.c.objc; path = Configuration.m; sourceTree = "<group>"; };
		AA9C149BE437FFD7C27CCC2D /* ConversasionController.m */ = {isa = PBXFileReference; fileEncoding = 4; lastKnownFileType = sourcecode.c.objc; path = ConversasionController.m; sourceTree = "<group>"; };
		AA9C19D2E918C694D120EF30 /* FriendManager.m */ = {isa = PBXFileReference; fileEncoding = 4; lastKnownFileType = sourcecode.c.objc; path = FriendManager.m; sourceTree = "<group>"; };
		AA9C19E1CAC395CF09BF6B5B /* app.plist */ = {isa = PBXFileReference; fileEncoding = 4; lastKnownFileType = text.plist; path = app.plist; sourceTree = "<group>"; };
		AA9C1A3E143B0F7903C7DA1B /* Friend.h */ = {isa = PBXFileReference; fileEncoding = 4; lastKnownFileType = sourcecode.c.h; path = Friend.h; sourceTree = "<group>"; };
		AA9C1C885CEAF556CC0F8532 /* Friend.m */ = {isa = PBXFileReference; fileEncoding = 4; lastKnownFileType = sourcecode.c.objc; path = Friend.m; sourceTree = "<group>"; };
		AA9C1DC46C4B6B03677A23BB /* ConversasionController.h */ = {isa = PBXFileReference; fileEncoding = 4; lastKnownFileType = sourcecode.c.h; path = ConversasionController.h; sourceTree = "<group>"; };
		AA9C1E272E6A6FC5E6EE7A26 /* FriendListController.h */ = {isa = PBXFileReference; fileEncoding = 4; lastKnownFileType = sourcecode.c.h; path = FriendListController.h; sourceTree = "<group>"; };
		AA9C1ED5B5F75448B6BC58F0 /* FriendListController.m */ = {isa = PBXFileReference; fileEncoding = 4; lastKnownFileType = sourcecode.c.objc; path = FriendListController.m; sourceTree = "<group>"; };
		AA9C1F3FE10F3CB1755E1F98 /* Configuration.h */ = {isa = PBXFileReference; fileEncoding = 4; lastKnownFileType = sourcecode.c.h; path = Configuration.h; sourceTree = "<group>"; };
/* End PBXFileReference section */

/* Begin PBXFrameworksBuildPhase section */
		4B547C5E1A2ADDB50081A3E3 /* Frameworks */ = {
			isa = PBXFrameworksBuildPhase;
			buildActionMask = 2147483647;
			files = (
				0D74A58949D3B40CC6254646 /* libPods.a in Frameworks */,
			);
			runOnlyForDeploymentPostprocessing = 0;
		};
		4B547C771A2ADDB50081A3E3 /* Frameworks */ = {
			isa = PBXFrameworksBuildPhase;
			buildActionMask = 2147483647;
			files = (
			);
			runOnlyForDeploymentPostprocessing = 0;
		};
/* End PBXFrameworksBuildPhase section */

/* Begin PBXGroup section */
		2A71522D9CDF6120393C8875 /* Frameworks */ = {
			isa = PBXGroup;
			children = (
				37124D8529C235C5850228DD /* libPods.a */,
			);
			name = Frameworks;
			sourceTree = "<group>";
		};
		4B547C581A2ADDB50081A3E3 = {
			isa = PBXGroup;
			children = (
				4B547C631A2ADDB50081A3E3 /* Chat */,
				4B547C7D1A2ADDB50081A3E3 /* ChatTests */,
				4B547C621A2ADDB50081A3E3 /* Products */,
				7BF1C229A159500305B0EDA8 /* Pods */,
				2A71522D9CDF6120393C8875 /* Frameworks */,
			);
			sourceTree = "<group>";
		};
		4B547C621A2ADDB50081A3E3 /* Products */ = {
			isa = PBXGroup;
			children = (
				4B547C611A2ADDB50081A3E3 /* Chat.app */,
				4B547C7A1A2ADDB50081A3E3 /* ChatTests.xctest */,
			);
			name = Products;
			sourceTree = "<group>";
		};
		4B547C631A2ADDB50081A3E3 /* Chat */ = {
			isa = PBXGroup;
			children = (
				4B547C681A2ADDB50081A3E3 /* AppDelegate.h */,
				4B547C691A2ADDB50081A3E3 /* AppDelegate.m */,
				4B547C6B1A2ADDB50081A3E3 /* LoginViewController.h */,
				4B0007221A32D082005F36BF /* WISViewController.h */,
				4B0007231A32D167005F36BF /* WISViewController.m */,
				4B0007251A32D3D5005F36BF /* RegisterViewController.h */,
				4B0007261A32D3D5005F36BF /* RegisterViewController.m */,
				4B547C6C1A2ADDB50081A3E3 /* LoginViewController.m */,
				4B547C6E1A2ADDB50081A3E3 /* Main.storyboard */,
				4B547C711A2ADDB50081A3E3 /* Images.xcassets */,
				4B547C731A2ADDB50081A3E3 /* LaunchScreen.xib */,
				4B547C641A2ADDB50081A3E3 /* Supporting Files */,
				AA9C1ED5B5F75448B6BC58F0 /* FriendListController.m */,
				AA9C1E272E6A6FC5E6EE7A26 /* FriendListController.h */,
				AA9C149BE437FFD7C27CCC2D /* ConversasionController.m */,
				AA9C1DC46C4B6B03677A23BB /* ConversasionController.h */,
				AA9C19D2E918C694D120EF30 /* FriendManager.m */,
				AA9C10E8403714AD141F5173 /* FriendManager.h */,
				AA9C1C885CEAF556CC0F8532 /* Friend.m */,
				AA9C1A3E143B0F7903C7DA1B /* Friend.h */,
				AA9C12AD3321E36351576FF0 /* Configuration.m */,
				AA9C1F3FE10F3CB1755E1F98 /* Configuration.h */,
			);
			path = Chat;
			sourceTree = "<group>";
		};
		4B547C641A2ADDB50081A3E3 /* Supporting Files */ = {
			isa = PBXGroup;
			children = (
				4B547C651A2ADDB50081A3E3 /* Info.plist */,
				4B547C661A2ADDB50081A3E3 /* main.m */,
				AA9C19E1CAC395CF09BF6B5B /* app.plist */,
			);
			name = "Supporting Files";
			sourceTree = "<group>";
		};
		4B547C7D1A2ADDB50081A3E3 /* ChatTests */ = {
			isa = PBXGroup;
			children = (
				4B547C801A2ADDB50081A3E3 /* ChatTests.m */,
				4B547C7E1A2ADDB50081A3E3 /* Supporting Files */,
			);
			path = ChatTests;
			sourceTree = "<group>";
		};
		4B547C7E1A2ADDB50081A3E3 /* Supporting Files */ = {
			isa = PBXGroup;
			children = (
				4B547C7F1A2ADDB50081A3E3 /* Info.plist */,
			);
			name = "Supporting Files";
			sourceTree = "<group>";
		};
		7BF1C229A159500305B0EDA8 /* Pods */ = {
			isa = PBXGroup;
			children = (
				5F0592015AF8BEC6263DBFF2 /* Pods.debug.xcconfig */,
				A73D2E767DFA51BA81CFD1AE /* Pods.release.xcconfig */,
			);
			name = Pods;
			sourceTree = "<group>";
		};
/* End PBXGroup section */

/* Begin PBXNativeTarget section */
		4B547C601A2ADDB50081A3E3 /* Chat */ = {
			isa = PBXNativeTarget;
			buildConfigurationList = 4B547C841A2ADDB50081A3E3 /* Build configuration list for PBXNativeTarget "Chat" */;
			buildPhases = (
				51DF8C3B780A3444ABC59DD2 /* Check Pods Manifest.lock */,
				4B547C5D1A2ADDB50081A3E3 /* Sources */,
				4B547C5E1A2ADDB50081A3E3 /* Frameworks */,
				4B547C5F1A2ADDB50081A3E3 /* Resources */,
				355FF7CE6ABA355D849A5D9E /* Copy Pods Resources */,
			);
			buildRules = (
			);
			dependencies = (
			);
			name = Chat;
			productName = Chat;
			productReference = 4B547C611A2ADDB50081A3E3 /* Chat.app */;
			productType = "com.apple.product-type.application";
		};
		4B547C791A2ADDB50081A3E3 /* ChatTests */ = {
			isa = PBXNativeTarget;
			buildConfigurationList = 4B547C871A2ADDB50081A3E3 /* Build configuration list for PBXNativeTarget "ChatTests" */;
			buildPhases = (
				4B547C761A2ADDB50081A3E3 /* Sources */,
				4B547C771A2ADDB50081A3E3 /* Frameworks */,
				4B547C781A2ADDB50081A3E3 /* Resources */,
			);
			buildRules = (
			);
			dependencies = (
				4B547C7C1A2ADDB50081A3E3 /* PBXTargetDependency */,
			);
			name = ChatTests;
			productName = ChatTests;
			productReference = 4B547C7A1A2ADDB50081A3E3 /* ChatTests.xctest */;
			productType = "com.apple.product-type.bundle.unit-test";
		};
/* End PBXNativeTarget section */

/* Begin PBXProject section */
		4B547C591A2ADDB50081A3E3 /* Project object */ = {
			isa = PBXProject;
			attributes = {
				LastUpgradeCheck = 0610;
				ORGANIZATIONNAME = WalterInSH;
				TargetAttributes = {
					4B547C601A2ADDB50081A3E3 = {
						CreatedOnToolsVersion = 6.1;
						DevelopmentTeam = G67VX53ZZ4;
					};
					4B547C791A2ADDB50081A3E3 = {
						CreatedOnToolsVersion = 6.1;
						TestTargetID = 4B547C601A2ADDB50081A3E3;
					};
				};
			};
			buildConfigurationList = 4B547C5C1A2ADDB50081A3E3 /* Build configuration list for PBXProject "Chat" */;
			compatibilityVersion = "Xcode 3.2";
			developmentRegion = English;
			hasScannedForEncodings = 0;
			knownRegions = (
				en,
				Base,
			);
			mainGroup = 4B547C581A2ADDB50081A3E3;
			productRefGroup = 4B547C621A2ADDB50081A3E3 /* Products */;
			projectDirPath = "";
			projectReferences = (
			);
			projectRoot = "";
			targets = (
				4B547C601A2ADDB50081A3E3 /* Chat */,
				4B547C791A2ADDB50081A3E3 /* ChatTests */,
			);
		};
/* End PBXProject section */

/* Begin PBXResourcesBuildPhase section */
		4B547C5F1A2ADDB50081A3E3 /* Resources */ = {
			isa = PBXResourcesBuildPhase;
			buildActionMask = 2147483647;
			files = (
				4B547C701A2ADDB50081A3E3 /* Main.storyboard in Resources */,
				4B547C751A2ADDB50081A3E3 /* LaunchScreen.xib in Resources */,
				4B547C721A2ADDB50081A3E3 /* Images.xcassets in Resources */,
				AA9C1E573F75C0E27593279C /* app.plist in Resources */,
			);
			runOnlyForDeploymentPostprocessing = 0;
		};
		4B547C781A2ADDB50081A3E3 /* Resources */ = {
			isa = PBXResourcesBuildPhase;
			buildActionMask = 2147483647;
			files = (
			);
			runOnlyForDeploymentPostprocessing = 0;
		};
/* End PBXResourcesBuildPhase section */

/* Begin PBXShellScriptBuildPhase section */
		355FF7CE6ABA355D849A5D9E /* Copy Pods Resources */ = {
			isa = PBXShellScriptBuildPhase;
			buildActionMask = 2147483647;
			files = (
			);
			inputPaths = (
			);
			name = "Copy Pods Resources";
			outputPaths = (
			);
			runOnlyForDeploymentPostprocessing = 0;
			shellPath = /bin/sh;
			shellScript = "\"${SRCROOT}/Pods/Target Support Files/Pods/Pods-resources.sh\"\n";
			showEnvVarsInLog = 0;
		};
		51DF8C3B780A3444ABC59DD2 /* Check Pods Manifest.lock */ = {
			isa = PBXShellScriptBuildPhase;
			buildActionMask = 2147483647;
			files = (
			);
			inputPaths = (
			);
			name = "Check Pods Manifest.lock";
			outputPaths = (
			);
			runOnlyForDeploymentPostprocessing = 0;
			shellPath = /bin/sh;
			shellScript = "diff \"${PODS_ROOT}/../Podfile.lock\" \"${PODS_ROOT}/Manifest.lock\" > /dev/null\nif [[ $? != 0 ]] ; then\n    cat << EOM\nerror: The sandbox is not in sync with the Podfile.lock. Run 'pod install' or update your CocoaPods installation.\nEOM\n    exit 1\nfi\n";
			showEnvVarsInLog = 0;
		};
/* End PBXShellScriptBuildPhase section */

/* Begin PBXSourcesBuildPhase section */
		4B547C5D1A2ADDB50081A3E3 /* Sources */ = {
			isa = PBXSourcesBuildPhase;
			buildActionMask = 2147483647;
			files = (
				4B0007271A32D3D5005F36BF /* RegisterViewController.m in Sources */,
				4B0007241A32D167005F36BF /* WISViewController.m in Sources */,
				4B547C6D1A2ADDB50081A3E3 /* LoginViewController.m in Sources */,
				4B547C6A1A2ADDB50081A3E3 /* AppDelegate.m in Sources */,
				4B547C671A2ADDB50081A3E3 /* main.m in Sources */,
				AA9C15CCB7278BB7EB156844 /* FriendListController.m in Sources */,
				AA9C11CBEED6082874533C90 /* ConversasionController.m in Sources */,
				AA9C1AE9AAB057F2678D0771 /* FriendManager.m in Sources */,
				AA9C17195A06871BF1A1FB20 /* Friend.m in Sources */,
				AA9C19632A050AD0DD23004F /* Configuration.m in Sources */,
			);
			runOnlyForDeploymentPostprocessing = 0;
		};
		4B547C761A2ADDB50081A3E3 /* Sources */ = {
			isa = PBXSourcesBuildPhase;
			buildActionMask = 2147483647;
			files = (
				4B547C811A2ADDB50081A3E3 /* ChatTests.m in Sources */,
			);
			runOnlyForDeploymentPostprocessing = 0;
		};
/* End PBXSourcesBuildPhase section */

/* Begin PBXTargetDependency section */
		4B547C7C1A2ADDB50081A3E3 /* PBXTargetDependency */ = {
			isa = PBXTargetDependency;
			target = 4B547C601A2ADDB50081A3E3 /* Chat */;
			targetProxy = 4B547C7B1A2ADDB50081A3E3 /* PBXContainerItemProxy */;
		};
/* End PBXTargetDependency section */

/* Begin PBXVariantGroup section */
		4B547C6E1A2ADDB50081A3E3 /* Main.storyboard */ = {
			isa = PBXVariantGroup;
			children = (
				4B547C6F1A2ADDB50081A3E3 /* Base */,
			);
			name = Main.storyboard;
			sourceTree = "<group>";
		};
		4B547C731A2ADDB50081A3E3 /* LaunchScreen.xib */ = {
			isa = PBXVariantGroup;
			children = (
				4B547C741A2ADDB50081A3E3 /* Base */,
			);
			name = LaunchScreen.xib;
			sourceTree = "<group>";
		};
/* End PBXVariantGroup section */

/* Begin XCBuildConfiguration section */
		4B547C821A2ADDB50081A3E3 /* Debug */ = {
			isa = XCBuildConfiguration;
			buildSettings = {
				ALWAYS_SEARCH_USER_PATHS = NO;
				CLANG_CXX_LANGUAGE_STANDARD = "gnu++0x";
				CLANG_CXX_LIBRARY = "libc++";
				CLANG_ENABLE_MODULES = YES;
				CLANG_ENABLE_OBJC_ARC = YES;
				CLANG_WARN_BOOL_CONVERSION = YES;
				CLANG_WARN_CONSTANT_CONVERSION = YES;
				CLANG_WARN_DIRECT_OBJC_ISA_USAGE = YES_ERROR;
				CLANG_WARN_EMPTY_BODY = YES;
				CLANG_WARN_ENUM_CONVERSION = YES;
				CLANG_WARN_INT_CONVERSION = YES;
				CLANG_WARN_OBJC_ROOT_CLASS = YES_ERROR;
				CLANG_WARN_UNREACHABLE_CODE = YES;
				CLANG_WARN__DUPLICATE_METHOD_MATCH = YES;
				"CODE_SIGN_IDENTITY[sdk=iphoneos*]" = "iPhone Developer";
				COPY_PHASE_STRIP = NO;
				ENABLE_STRICT_OBJC_MSGSEND = YES;
				GCC_C_LANGUAGE_STANDARD = gnu99;
				GCC_DYNAMIC_NO_PIC = NO;
				GCC_OPTIMIZATION_LEVEL = 0;
				GCC_PREPROCESSOR_DEFINITIONS = (
					"DEBUG=1",
					"$(inherited)",
				);
				GCC_SYMBOLS_PRIVATE_EXTERN = NO;
				GCC_WARN_64_TO_32_BIT_CONVERSION = YES;
				GCC_WARN_ABOUT_RETURN_TYPE = YES_ERROR;
				GCC_WARN_UNDECLARED_SELECTOR = YES;
				GCC_WARN_UNINITIALIZED_AUTOS = YES_AGGRESSIVE;
				GCC_WARN_UNUSED_FUNCTION = YES;
				GCC_WARN_UNUSED_VARIABLE = YES;
				IPHONEOS_DEPLOYMENT_TARGET = 8.1;
				MTL_ENABLE_DEBUG_INFO = YES;
				ONLY_ACTIVE_ARCH = YES;
				SDKROOT = iphoneos;
			};
			name = Debug;
		};
		4B547C831A2ADDB50081A3E3 /* Release */ = {
			isa = XCBuildConfiguration;
			buildSettings = {
				ALWAYS_SEARCH_USER_PATHS = NO;
				CLANG_CXX_LANGUAGE_STANDARD = "gnu++0x";
				CLANG_CXX_LIBRARY = "libc++";
				CLANG_ENABLE_MODULES = YES;
				CLANG_ENABLE_OBJC_ARC = YES;
				CLANG_WARN_BOOL_CONVERSION = YES;
				CLANG_WARN_CONSTANT_CONVERSION = YES;
				CLANG_WARN_DIRECT_OBJC_ISA_USAGE = YES_ERROR;
				CLANG_WARN_EMPTY_BODY = YES;
				CLANG_WARN_ENUM_CONVERSION = YES;
				CLANG_WARN_INT_CONVERSION = YES;
				CLANG_WARN_OBJC_ROOT_CLASS = YES_ERROR;
				CLANG_WARN_UNREACHABLE_CODE = YES;
				CLANG_WARN__DUPLICATE_METHOD_MATCH = YES;
				"CODE_SIGN_IDENTITY[sdk=iphoneos*]" = "iPhone Developer";
				COPY_PHASE_STRIP = YES;
				ENABLE_NS_ASSERTIONS = NO;
				ENABLE_STRICT_OBJC_MSGSEND = YES;
				GCC_C_LANGUAGE_STANDARD = gnu99;
				GCC_WARN_64_TO_32_BIT_CONVERSION = YES;
				GCC_WARN_ABOUT_RETURN_TYPE = YES_ERROR;
				GCC_WARN_UNDECLARED_SELECTOR = YES;
				GCC_WARN_UNINITIALIZED_AUTOS = YES_AGGRESSIVE;
				GCC_WARN_UNUSED_FUNCTION = YES;
				GCC_WARN_UNUSED_VARIABLE = YES;
				IPHONEOS_DEPLOYMENT_TARGET = 8.1;
				MTL_ENABLE_DEBUG_INFO = NO;
				SDKROOT = iphoneos;
				VALIDATE_PRODUCT = YES;
			};
			name = Release;
		};
		4B547C851A2ADDB50081A3E3 /* Debug */ = {
			isa = XCBuildConfiguration;
			baseConfigurationReference = 5F0592015AF8BEC6263DBFF2 /* Pods.debug.xcconfig */;
			buildSettings = {
				ASSETCATALOG_COMPILER_APPICON_NAME = AppIcon;
				INFOPLIST_FILE = Chat/Info.plist;
				LD_RUNPATH_SEARCH_PATHS = "$(inherited) @executable_path/Frameworks";
				PRODUCT_NAME = "$(TARGET_NAME)";
				USER_HEADER_SEARCH_PATHS = "\"${PROJECT_DIR}/Pods\"/**";
			};
			name = Debug;
		};
		4B547C861A2ADDB50081A3E3 /* Release */ = {
			isa = XCBuildConfiguration;
			baseConfigurationReference = A73D2E767DFA51BA81CFD1AE /* Pods.release.xcconfig */;
			buildSettings = {
				ASSETCATALOG_COMPILER_APPICON_NAME = AppIcon;
				INFOPLIST_FILE = Chat/Info.plist;
				LD_RUNPATH_SEARCH_PATHS = "$(inherited) @executable_path/Frameworks";
				PRODUCT_NAME = "$(TARGET_NAME)";
				USER_HEADER_SEARCH_PATHS = "\"${PROJECT_DIR}/Pods\"/**";
			};
			name = Release;
		};
		4B547C881A2ADDB50081A3E3 /* Debug */ = {
			isa = XCBuildConfiguration;
			buildSettings = {
				BUNDLE_LOADER = "$(TEST_HOST)";
				FRAMEWORK_SEARCH_PATHS = (
					"$(SDKROOT)/Developer/Library/Frameworks",
					"$(inherited)",
				);
				GCC_PREPROCESSOR_DEFINITIONS = (
					"DEBUG=1",
					"$(inherited)",
				);
				INFOPLIST_FILE = ChatTests/Info.plist;
				LD_RUNPATH_SEARCH_PATHS = "$(inherited) @executable_path/Frameworks @loader_path/Frameworks";
				PRODUCT_NAME = "$(TARGET_NAME)";
				TEST_HOST = "$(BUILT_PRODUCTS_DIR)/Chat.app/Chat";
			};
			name = Debug;
		};
		4B547C891A2ADDB50081A3E3 /* Release */ = {
			isa = XCBuildConfiguration;
			buildSettings = {
				BUNDLE_LOADER = "$(TEST_HOST)";
				FRAMEWORK_SEARCH_PATHS = (
					"$(SDKROOT)/Developer/Library/Frameworks",
					"$(inherited)",
				);
				INFOPLIST_FILE = ChatTests/Info.plist;
				LD_RUNPATH_SEARCH_PATHS = "$(inherited) @executable_path/Frameworks @loader_path/Frameworks";
				PRODUCT_NAME = "$(TARGET_NAME)";
				TEST_HOST = "$(BUILT_PRODUCTS_DIR)/Chat.app/Chat";
			};
			name = Release;
		};
/* End XCBuildConfiguration section */

/* Begin XCConfigurationList section */
		4B547C5C1A2ADDB50081A3E3 /* Build configuration list for PBXProject "Chat" */ = {
			isa = XCConfigurationList;
			buildConfigurations = (
				4B547C821A2ADDB50081A3E3 /* Debug */,
				4B547C831A2ADDB50081A3E3 /* Release */,
			);
			defaultConfigurationIsVisible = 0;
			defaultConfigurationName = Release;
		};
		4B547C841A2ADDB50081A3E3 /* Build configuration list for PBXNativeTarget "Chat" */ = {
			isa = XCConfigurationList;
			buildConfigurations = (
				4B547C851A2ADDB50081A3E3 /* Debug */,
				4B547C861A2ADDB50081A3E3 /* Release */,
			);
			defaultConfigurationIsVisible = 0;
			defaultConfigurationName = Release;
		};
		4B547C871A2ADDB50081A3E3 /* Build configuration list for PBXNativeTarget "ChatTests" */ = {
			isa = XCConfigurationList;
			buildConfigurations = (
				4B547C881A2ADDB50081A3E3 /* Debug */,
				4B547C891A2ADDB50081A3E3 /* Release */,
			);
			defaultConfigurationIsVisible = 0;
			defaultConfigurationName = Release;
		};
/* End XCConfigurationList section */
	};
	rootObject = 4B547C591A2ADDB50081A3E3 /* Project object */;
}
